
Microsoft Visual Studio Solution File, Format Version 12.00
# Visual Studio Version 16
VisualStudioVersion = 16.0.29926.136
MinimumVisualStudioVersion = 10.0.40219.1
Project("{9A19103F-16F7-4668-BE54-9A1E7A4F7556}") = "Translator", "Translator\Translator.csproj", "{267CCE58-494B-4344-B90D-8CB954DB3951}"
EndProject
Project("{FAE04EC0-301F-11D3-BF4B-00C04F79EFBC}") = "Translator.Tests", "Translator.Tests\Translator.Tests.csproj", "{4E2B4A7A-0835-41CE-9F12-7064FFBE8419}"
EndProject
Global
	GlobalSection(SolutionConfigurationPlatforms) = preSolution
		Debug|Any CPU = Debug|Any CPU
		Release|Any CPU = Release|Any CPU
	EndGlobalSection
	GlobalSection(ProjectConfigurationPlatforms) = postSolution
		{267CCE58-494B-4344-B90D-8CB954DB3951}.Debug|Any CPU.ActiveCfg = Debug|Any CPU
		{267CCE58-494B-4344-B90D-8CB954DB3951}.Debug|Any CPU.Build.0 = Debug|Any CPU
		{267CCE58-494B-4344-B90D-8CB954DB3951}.Release|Any CPU.ActiveCfg = Release|Any CPU
		{267CCE58-494B-4344-B90D-8CB954DB3951}.Release|Any CPU.Build.0 = Release|Any CPU
		{4E2B4A7A-0835-41CE-9F12-7064FFBE8419}.Debug|Any CPU.ActiveCfg = Debug|Any CPU
		{4E2B4A7A-0835-41CE-9F12-7064FFBE8419}.Debug|Any CPU.Build.0 = Debug|Any CPU
		{4E2B4A7A-0835-41CE-9F12-7064FFBE8419}.Release|Any CPU.ActiveCfg = Release|Any CPU
		{4E2B4A7A-0835-41CE-9F12-7064FFBE8419}.Release|Any CPU.Build.0 = Release|Any CPU
	EndGlobalSection
	GlobalSection(SolutionProperties) = preSolution
		HideSolutionNode = FALSE
	EndGlobalSection
	GlobalSection(ExtensibilityGlobals) = postSolution
		SolutionGuid = {C92FDCE9-0C10-4E11-A1CD-024F720205B0}
	EndGlobalSection
EndGlobal
