
Microsoft Visual Studio Solution File, Format Version 12.00
# Visual Studio Version 16
VisualStudioVersion = 16.0.29911.84
MinimumVisualStudioVersion = 10.0.40219.1
Project("{FAE04EC0-301F-11D3-BF4B-00C04F79EFBC}") = "hello_world", "hello_world\hello_world.csproj", "{17314308-5E4A-4DB0-A8C3-7F3D09817819}"
EndProject
Global
	GlobalSection(SolutionConfigurationPlatforms) = preSolution
		Debug|Any CPU = Debug|Any CPU
		Release|Any CPU = Release|Any CPU
	EndGlobalSection
	GlobalSection(ProjectConfigurationPlatforms) = postSolution
		{17314308-5E4A-4DB0-A8C3-7F3D09817819}.Debug|Any CPU.ActiveCfg = Debug|Any CPU
		{17314308-5E4A-4DB0-A8C3-7F3D09817819}.Debug|Any CPU.Build.0 = Debug|Any CPU
		{17314308-5E4A-4DB0-A8C3-7F3D09817819}.Release|Any CPU.ActiveCfg = Release|Any CPU
		{17314308-5E4A-4DB0-A8C3-7F3D09817819}.Release|Any CPU.Build.0 = Release|Any CPU
	EndGlobalSection
	GlobalSection(SolutionProperties) = preSolution
		HideSolutionNode = FALSE
	EndGlobalSection
	GlobalSection(ExtensibilityGlobals) = postSolution
		SolutionGuid = {FD68D95A-4ED6-4FB3-91D1-994EA44A3383}
	EndGlobalSection
EndGlobal
