
Microsoft Visual Studio Solution File, Format Version 12.00
# Visual Studio Version 16
VisualStudioVersion = 16.0.29911.84
MinimumVisualStudioVersion = 10.0.40219.1
Project("{FAE04EC0-301F-11D3-BF4B-00C04F79EFBC}") = "remove_duplicates", "remove_duplicates\remove_duplicates.csproj", "{F7E5BC25-F8A5-4DAA-BB84-CEBFC846FFDC}"
EndProject
Global
	GlobalSection(SolutionConfigurationPlatforms) = preSolution
		Debug|Any CPU = Debug|Any CPU
		Release|Any CPU = Release|Any CPU
	EndGlobalSection
	GlobalSection(ProjectConfigurationPlatforms) = postSolution
		{F7E5BC25-F8A5-4DAA-BB84-CEBFC846FFDC}.Debug|Any CPU.ActiveCfg = Debug|Any CPU
		{F7E5BC25-F8A5-4DAA-BB84-CEBFC846FFDC}.Debug|Any CPU.Build.0 = Debug|Any CPU
		{F7E5BC25-F8A5-4DAA-BB84-CEBFC846FFDC}.Release|Any CPU.ActiveCfg = Release|Any CPU
		{F7E5BC25-F8A5-4DAA-BB84-CEBFC846FFDC}.Release|Any CPU.Build.0 = Release|Any CPU
	EndGlobalSection
	GlobalSection(SolutionProperties) = preSolution
		HideSolutionNode = FALSE
	EndGlobalSection
	GlobalSection(ExtensibilityGlobals) = postSolution
		SolutionGuid = {6EF47CEE-31C2-45A6-8F75-009410437DD4}
	EndGlobalSection
EndGlobal
