
Microsoft Visual Studio Solution File, Format Version 12.00
# Visual Studio Version 16
VisualStudioVersion = 16.0.29911.84
MinimumVisualStudioVersion = 10.0.40219.1
Project("{FAE04EC0-301F-11D3-BF4B-00C04F79EFBC}") = "print_args", "print_args\print_args.csproj", "{7A2BF593-63B9-4D23-9FED-15B6A7B8033C}"
EndProject
Global
	GlobalSection(SolutionConfigurationPlatforms) = preSolution
		Debug|Any CPU = Debug|Any CPU
		Release|Any CPU = Release|Any CPU
	EndGlobalSection
	GlobalSection(ProjectConfigurationPlatforms) = postSolution
		{7A2BF593-63B9-4D23-9FED-15B6A7B8033C}.Debug|Any CPU.ActiveCfg = Debug|Any CPU
		{7A2BF593-63B9-4D23-9FED-15B6A7B8033C}.Debug|Any CPU.Build.0 = Debug|Any CPU
		{7A2BF593-63B9-4D23-9FED-15B6A7B8033C}.Release|Any CPU.ActiveCfg = Release|Any CPU
		{7A2BF593-63B9-4D23-9FED-15B6A7B8033C}.Release|Any CPU.Build.0 = Release|Any CPU
	EndGlobalSection
	GlobalSection(SolutionProperties) = preSolution
		HideSolutionNode = FALSE
	EndGlobalSection
	GlobalSection(ExtensibilityGlobals) = postSolution
		SolutionGuid = {31C3B288-D0D2-46D3-A27A-226D8673C4E3}
	EndGlobalSection
EndGlobal
